// !$*UTF8*$!
{
	archiveVersion = 1;
	classes = {
	};
	objectVersion = 50;
	objects = {

/* Begin PBXBuildFile section */
		002625DA255F9C79002501FF /* AppDelegate.swift in Sources */ = {isa = PBXBuildFile; fileRef = 002625D9255F9C79002501FF /* AppDelegate.swift */; };
		002625DC255F9C79002501FF /* SceneDelegate.swift in Sources */ = {isa = PBXBuildFile; fileRef = 002625DB255F9C79002501FF /* SceneDelegate.swift */; };
		002625DE255F9C79002501FF /* ViewController.swift in Sources */ = {isa = PBXBuildFile; fileRef = 002625DD255F9C79002501FF /* ViewController.swift */; };
		002625E1255F9C79002501FF /* Main.storyboard in Resources */ = {isa = PBXBuildFile; fileRef = 002625DF255F9C79002501FF /* Main.storyboard */; };
		002625E4255F9C79002501FF /* StoreStockApp.xcdatamodeld in Sources */ = {isa = PBXBuildFile; fileRef = 002625E2255F9C79002501FF /* StoreStockApp.xcdatamodeld */; };
		002625E6255F9C7A002501FF /* Assets.xcassets in Resources */ = {isa = PBXBuildFile; fileRef = 002625E5255F9C7A002501FF /* Assets.xcassets */; };
		002625E9255F9C7A002501FF /* LaunchScreen.storyboard in Resources */ = {isa = PBXBuildFile; fileRef = 002625E7255F9C7A002501FF /* LaunchScreen.storyboard */; };
/* End PBXBuildFile section */

/* Begin PBXFileReference section */
		002625D6255F9C79002501FF /* StoreStockApp.app */ = {isa = PBXFileReference; explicitFileType = wrapper.application; includeInIndex = 0; path = StoreStockApp.app; sourceTree = BUILT_PRODUCTS_DIR; };
		002625D9255F9C79002501FF /* AppDelegate.swift */ = {isa = PBXFileReference; lastKnownFileType = sourcecode.swift; path = AppDelegate.swift; sourceTree = "<group>"; };
		002625DB255F9C79002501FF /* SceneDelegate.swift */ = {isa = PBXFileReference; lastKnownFileType = sourcecode.swift; path = SceneDelegate.swift; sourceTree = "<group>"; };
		002625DD255F9C79002501FF /* ViewController.swift */ = {isa = PBXFileReference; lastKnownFileType = sourcecode.swift; path = ViewController.swift; sourceTree = "<group>"; };
		002625E0255F9C79002501FF /* Base */ = {isa = PBXFileReference; lastKnownFileType = file.storyboard; name = Base; path = Base.lproj/Main.storyboard; sourceTree = "<group>"; };
		002625E3255F9C79002501FF /* StoreStockApp.xcdatamodel */ = {isa = PBXFileReference; lastKnownFileType = wrapper.xcdatamodel; path = StoreStockApp.xcdatamodel; sourceTree = "<group>"; };
		002625E5255F9C7A002501FF /* Assets.xcassets */ = {isa = PBXFileReference; lastKnownFileType = folder.assetcatalog; path = Assets.xcassets; sourceTree = "<group>"; };
		002625E8255F9C7A002501FF /* Base */ = {isa = PBXFileReference; lastKnownFileType = file.storyboard; name = Base; path = Base.lproj/LaunchScreen.storyboard; sourceTree = "<group>"; };
		002625EA255F9C7A002501FF /* Info.plist */ = {isa = PBXFileReference; lastKnownFileType = text.plist.xml; path = Info.plist; sourceTree = "<group>"; };
/* End PBXFileReference section */

/* Begin PBXFrameworksBuildPhase section */
		002625D3255F9C79002501FF /* Frameworks */ = {
			isa = PBXFrameworksBuildPhase;
			buildActionMask = 2147483647;
			files = (
			);
			runOnlyForDeploymentPostprocessing = 0;
		};
/* End PBXFrameworksBuildPhase section */

/* Begin PBXGroup section */
		002625CD255F9C79002501FF = {
			isa = PBXGroup;
			children = (
				002625D8255F9C79002501FF /* StoreStockApp */,
				002625D7255F9C79002501FF /* Products */,
			);
			sourceTree = "<group>";
		};
		002625D7255F9C79002501FF /* Products */ = {
			isa = PBXGroup;
			children = (
				002625D6255F9C79002501FF /* StoreStockApp.app */,
			);
			name = Products;
			sourceTree = "<group>";
		};
		002625D8255F9C79002501FF /* StoreStockApp */ = {
			isa = PBXGroup;
			children = (
				002625D9255F9C79002501FF /* AppDelegate.swift */,
				002625DB255F9C79002501FF /* SceneDelegate.swift */,
				002625DD255F9C79002501FF /* ViewController.swift */,
				002625DF255F9C79002501FF /* Main.storyboard */,
				002625E5255F9C7A002501FF /* Assets.xcassets */,
				002625E7255F9C7A002501FF /* LaunchScreen.storyboard */,
				002625EA255F9C7A002501FF /* Info.plist */,
				002625E2255F9C79002501FF /* StoreStockApp.xcdatamodeld */,
			);
			path = StoreStockApp;
			sourceTree = "<group>";
		};
/* End PBXGroup section */

/* Begin PBXNativeTarget section */
		002625D5255F9C79002501FF /* StoreStockApp */ = {
			isa = PBXNativeTarget;
			buildConfigurationList = 002625ED255F9C7A002501FF /* Build configuration list for PBXNativeTarget "StoreStockApp" */;
			buildPhases = (
				002625D2255F9C79002501FF /* Sources */,
				002625D3255F9C79002501FF /* Frameworks */,
				002625D4255F9C79002501FF /* Resources */,
			);
			buildRules = (
			);
			dependencies = (
			);
			name = StoreStockApp;
			productName = StoreStockApp;
			productReference = 002625D6255F9C79002501FF /* StoreStockApp.app */;
			productType = "com.apple.product-type.application";
		};
/* End PBXNativeTarget section */

/* Begin PBXProject section */
		002625CE255F9C79002501FF /* Project object */ = {
			isa = PBXProject;
			attributes = {
				LastSwiftUpdateCheck = 1170;
				LastUpgradeCheck = 1170;
				ORGANIZATIONNAME = "Shoma Sato";
				TargetAttributes = {
					002625D5255F9C79002501FF = {
						CreatedOnToolsVersion = 11.7;
					};
				};
			};
			buildConfigurationList = 002625D1255F9C79002501FF /* Build configuration list for PBXProject "StoreStockApp" */;
			compatibilityVersion = "Xcode 9.3";
			developmentRegion = en;
			hasScannedForEncodings = 0;
			knownRegions = (
				en,
				Base,
			);
			mainGroup = 002625CD255F9C79002501FF;
			productRefGroup = 002625D7255F9C79002501FF /* Products */;
			projectDirPath = "";
			projectRoot = "";
			targets = (
				002625D5255F9C79002501FF /* StoreStockApp */,
			);
		};
/* End PBXProject section */

/* Begin PBXResourcesBuildPhase section */
		002625D4255F9C79002501FF /* Resources */ = {
			isa = PBXResourcesBuildPhase;
			buildActionMask = 2147483647;
			files = (
				002625E9255F9C7A002501FF /* LaunchScreen.storyboard in Resources */,
				002625E6255F9C7A002501FF /* Assets.xcassets in Resources */,
				002625E1255F9C79002501FF /* Main.storyboard in Resources */,
			);
			runOnlyForDeploymentPostprocessing = 0;
		};
/* End PBXResourcesBuildPhase section */

/* Begin PBXSourcesBuildPhase section */
		002625D2255F9C79002501FF /* Sources */ = {
			isa = PBXSourcesBuildPhase;
			buildActionMask = 2147483647;
			files = (
				002625E4255F9C79002501FF /* StoreStockApp.xcdatamodeld in Sources */,
				002625DE255F9C79002501FF /* ViewController.swift in Sources */,
				002625DA255F9C79002501FF /* AppDelegate.swift in Sources */,
				002625DC255F9C79002501FF /* SceneDelegate.swift in Sources */,
			);
			runOnlyForDeploymentPostprocessing = 0;
		};
/* End PBXSourcesBuildPhase section */

/* Begin PBXVariantGroup section */
		002625DF255F9C79002501FF /* Main.storyboard */ = {
			isa = PBXVariantGroup;
			children = (
				002625E0255F9C79002501FF /* Base */,
			);
			name = Main.storyboard;
			sourceTree = "<group>";
		};
		002625E7255F9C7A002501FF /* LaunchScreen.storyboard */ = {
			isa = PBXVariantGroup;
			children = (
				002625E8255F9C7A002501FF /* Base */,
			);
			name = LaunchScreen.storyboard;
			sourceTree = "<group>";
		};
/* End PBXVariantGroup section */

/* Begin XCBuildConfiguration section */
		002625EB255F9C7A002501FF /* Debug */ = {
			isa = XCBuildConfiguration;
			buildSettings = {
				ALWAYS_SEARCH_USER_PATHS = NO;
				CLANG_ANALYZER_NONNULL = YES;
				CLANG_ANALYZER_NUMBER_OBJECT_CONVERSION = YES_AGGRESSIVE;
				CLANG_CXX_LANGUAGE_STANDARD = "gnu++14";
				CLANG_CXX_LIBRARY = "libc++";
				CLANG_ENABLE_MODULES = YES;
				CLANG_ENABLE_OBJC_ARC = YES;
				CLANG_ENABLE_OBJC_WEAK = YES;
				CLANG_WARN_BLOCK_CAPTURE_AUTORELEASING = YES;
				CLANG_WARN_BOOL_CONVERSION = YES;
				CLANG_WARN_COMMA = YES;
				CLANG_WARN_CONSTANT_CONVERSION = YES;
				CLANG_WARN_DEPRECATED_OBJC_IMPLEMENTATIONS = YES;
				CLANG_WARN_DIRECT_OBJC_ISA_USAGE = YES_ERROR;
				CLANG_WARN_DOCUMENTATION_COMMENTS = YES;
				CLANG_WARN_EMPTY_BODY = YES;
				CLANG_WARN_ENUM_CONVERSION = YES;
				CLANG_WARN_INFINITE_RECURSION = YES;
				CLANG_WARN_INT_CONVERSION = YES;
				CLANG_WARN_NON_LITERAL_NULL_CONVERSION = YES;
				CLANG_WARN_OBJC_IMPLICIT_RETAIN_SELF = YES;
				CLANG_WARN_OBJC_LITERAL_CONVERSION = YES;
				CLANG_WARN_OBJC_ROOT_CLASS = YES_ERROR;
				CLANG_WARN_RANGE_LOOP_ANALYSIS = YES;
				CLANG_WARN_STRICT_PROTOTYPES = YES;
				CLANG_WARN_SUSPICIOUS_MOVE = YES;
				CLANG_WARN_UNGUARDED_AVAILABILITY = YES_AGGRESSIVE;
				CLANG_WARN_UNREACHABLE_CODE = YES;
				CLANG_WARN__DUPLICATE_METHOD_MATCH = YES;
				COPY_PHASE_STRIP = NO;
				DEBUG_INFORMATION_FORMAT = dwarf;
				ENABLE_STRICT_OBJC_MSGSEND = YES;
				ENABLE_TESTABILITY = YES;
				GCC_C_LANGUAGE_STANDARD = gnu11;
				GCC_DYNAMIC_NO_PIC = NO;
				GCC_NO_COMMON_BLOCKS = YES;
				GCC_OPTIMIZATION_LEVEL = 0;
				GCC_PREPROCESSOR_DEFINITIONS = (
					"DEBUG=1",
					"$(inherited)",
				);
				GCC_WARN_64_TO_32_BIT_CONVERSION = YES;
				GCC_WARN_ABOUT_RETURN_TYPE = YES_ERROR;
				GCC_WARN_UNDECLARED_SELECTOR = YES;
				GCC_WARN_UNINITIALIZED_AUTOS = YES_AGGRESSIVE;
				GCC_WARN_UNUSED_FUNCTION = YES;
				GCC_WARN_UNUSED_VARIABLE = YES;
				IPHONEOS_DEPLOYMENT_TARGET = 13.7;
				MTL_ENABLE_DEBUG_INFO = INCLUDE_SOURCE;
				MTL_FAST_MATH = YES;
				ONLY_ACTIVE_ARCH = YES;
				SDKROOT = iphoneos;
				SWIFT_ACTIVE_COMPILATION_CONDITIONS = DEBUG;
				SWIFT_OPTIMIZATION_LEVEL = "-Onone";
			};
			name = Debug;
		};
		002625EC255F9C7A002501FF /* Release */ = {
			isa = XCBuildConfiguration;
			buildSettings = {
				ALWAYS_SEARCH_USER_PATHS = NO;
				CLANG_ANALYZER_NONNULL = YES;
				CLANG_ANALYZER_NUMBER_OBJECT_CONVERSION = YES_AGGRESSIVE;
				CLANG_CXX_LANGUAGE_STANDARD = "gnu++14";
				CLANG_CXX_LIBRARY = "libc++";
				CLANG_ENABLE_MODULES = YES;
				CLANG_ENABLE_OBJC_ARC = YES;
				CLANG_ENABLE_OBJC_WEAK = YES;
				CLANG_WARN_BLOCK_CAPTURE_AUTORELEASING = YES;
				CLANG_WARN_BOOL_CONVERSION = YES;
				CLANG_WARN_COMMA = YES;
				CLANG_WARN_CONSTANT_CONVERSION = YES;
				CLANG_WARN_DEPRECATED_OBJC_IMPLEMENTATIONS = YES;
				CLANG_WARN_DIRECT_OBJC_ISA_USAGE = YES_ERROR;
				CLANG_WARN_DOCUMENTATION_COMMENTS = YES;
				CLANG_WARN_EMPTY_BODY = YES;
				CLANG_WARN_ENUM_CONVERSION = YES;
				CLANG_WARN_INFINITE_RECURSION = YES;
				CLANG_WARN_INT_CONVERSION = YES;
				CLANG_WARN_NON_LITERAL_NULL_CONVERSION = YES;
				CLANG_WARN_OBJC_IMPLICIT_RETAIN_SELF = YES;
				CLANG_WARN_OBJC_LITERAL_CONVERSION = YES;
				CLANG_WARN_OBJC_ROOT_CLASS = YES_ERROR;
				CLANG_WARN_RANGE_LOOP_ANALYSIS = YES;
				CLANG_WARN_STRICT_PROTOTYPES = YES;
				CLANG_WARN_SUSPICIOUS_MOVE = YES;
				CLANG_WARN_UNGUARDED_AVAILABILITY = YES_AGGRESSIVE;
				CLANG_WARN_UNREACHABLE_CODE = YES;
				CLANG_WARN__DUPLICATE_METHOD_MATCH = YES;
				COPY_PHASE_STRIP = NO;
				DEBUG_INFORMATION_FORMAT = "dwarf-with-dsym";
				ENABLE_NS_ASSERTIONS = NO;
				ENABLE_STRICT_OBJC_MSGSEND = YES;
				GCC_C_LANGUAGE_STANDARD = gnu11;
				GCC_NO_COMMON_BLOCKS = YES;
				GCC_WARN_64_TO_32_BIT_CONVERSION = YES;
				GCC_WARN_ABOUT_RETURN_TYPE = YES_ERROR;
				GCC_WARN_UNDECLARED_SELECTOR = YES;
				GCC_WARN_UNINITIALIZED_AUTOS = YES_AGGRESSIVE;
				GCC_WARN_UNUSED_FUNCTION = YES;
				GCC_WARN_UNUSED_VARIABLE = YES;
				IPHONEOS_DEPLOYMENT_TARGET = 13.7;
				MTL_ENABLE_DEBUG_INFO = NO;
				MTL_FAST_MATH = YES;
				SDKROOT = iphoneos;
				SWIFT_COMPILATION_MODE = wholemodule;
				SWIFT_OPTIMIZATION_LEVEL = "-O";
				VALIDATE_PRODUCT = YES;
			};
			name = Release;
		};
		002625EE255F9C7A002501FF /* Debug */ = {
			isa = XCBuildConfiguration;
			buildSettings = {
				ASSETCATALOG_COMPILER_APPICON_NAME = AppIcon;
				CODE_SIGN_STYLE = Automatic;
				DEVELOPMENT_TEAM = K97AMW96QU;
				INFOPLIST_FILE = StoreStockApp/Info.plist;
				LD_RUNPATH_SEARCH_PATHS = (
					"$(inherited)",
					"@executable_path/Frameworks",
				);
				PRODUCT_BUNDLE_IDENTIFIER = com.gmail.finalyamato2202.StoreStockApp;
				PRODUCT_NAME = "$(TARGET_NAME)";
				SWIFT_VERSION = 5.0;
				TARGETED_DEVICE_FAMILY = "1,2";
			};
			name = Debug;
		};
		002625EF255F9C7A002501FF /* Release */ = {
			isa = XCBuildConfiguration;
			buildSettings = {
				ASSETCATALOG_COMPILER_APPICON_NAME = AppIcon;
				CODE_SIGN_STYLE = Automatic;
				DEVELOPMENT_TEAM = K97AMW96QU;
				INFOPLIST_FILE = StoreStockApp/Info.plist;
				LD_RUNPATH_SEARCH_PATHS = (
					"$(inherited)",
					"@executable_path/Frameworks",
				);
				PRODUCT_BUNDLE_IDENTIFIER = com.gmail.finalyamato2202.StoreStockApp;
				PRODUCT_NAME = "$(TARGET_NAME)";
				SWIFT_VERSION = 5.0;
				TARGETED_DEVICE_FAMILY = "1,2";
			};
			name = Release;
		};
/* End XCBuildConfiguration section */

/* Begin XCConfigurationList section */
		002625D1255F9C79002501FF /* Build configuration list for PBXProject "StoreStockApp" */ = {
			isa = XCConfigurationList;
			buildConfigurations = (
				002625EB255F9C7A002501FF /* Debug */,
				002625EC255F9C7A002501FF /* Release */,
			);
			defaultConfigurationIsVisible = 0;
			defaultConfigurationName = Release;
		};
		002625ED255F9C7A002501FF /* Build configuration list for PBXNativeTarget "StoreStockApp" */ = {
			isa = XCConfigurationList;
			buildConfigurations = (
				002625EE255F9C7A002501FF /* Debug */,
				002625EF255F9C7A002501FF /* Release */,
			);
			defaultConfigurationIsVisible = 0;
			defaultConfigurationName = Release;
		};
/* End XCConfigurationList section */

/* Begin XCVersionGroup section */
		002625E2255F9C79002501FF /* StoreStockApp.xcdatamodeld */ = {
			isa = XCVersionGroup;
			children = (
				002625E3255F9C79002501FF /* StoreStockApp.xcdatamodel */,
			);
			currentVersion = 002625E3255F9C79002501FF /* StoreStockApp.xcdatamodel */;
			path = StoreStockApp.xcdatamodeld;
			sourceTree = "<group>";
			versionGroupType = wrapper.xcdatamodel;
		};
/* End XCVersionGroup section */
	};
	rootObject = 002625CE255F9C79002501FF /* Project object */;
}
